
Microsoft Visual Studio Solution File, Format Version 12.00
# Visual Studio 15
VisualStudioVersion = 15.0.26430.16
MinimumVisualStudioVersion = 10.0.40219.1
Project("{FAE04EC0-301F-11D3-BF4B-00C04F79EFBC}") = "Programming", "Programming\Programming.csproj", "{55400DB9-C8D6-4462-92E2-8BB14F7978DB}"
EndProject
Project("{FAE04EC0-301F-11D3-BF4B-00C04F79EFBC}") = "Programming.Test", "Programming.Test\Programming.Test.csproj", "{B58AD1BD-209C-4D55-95B9-6F6DD85C9A06}"
EndProject
Global
	GlobalSection(SolutionConfigurationPlatforms) = preSolution
		Debug|Any CPU = Debug|Any CPU
		Release|Any CPU = Release|Any CPU
	EndGlobalSection
	GlobalSection(ProjectConfigurationPlatforms) = postSolution
		{55400DB9-C8D6-4462-92E2-8BB14F7978DB}.Debug|Any CPU.ActiveCfg = Debug|Any CPU
		{55400DB9-C8D6-4462-92E2-8BB14F7978DB}.Debug|Any CPU.Build.0 = Debug|Any CPU
		{55400DB9-C8D6-4462-92E2-8BB14F7978DB}.Release|Any CPU.ActiveCfg = Release|Any CPU
		{55400DB9-C8D6-4462-92E2-8BB14F7978DB}.Release|Any CPU.Build.0 = Release|Any CPU
		{B58AD1BD-209C-4D55-95B9-6F6DD85C9A06}.Debug|Any CPU.ActiveCfg = Debug|Any CPU
		{B58AD1BD-209C-4D55-95B9-6F6DD85C9A06}.Debug|Any CPU.Build.0 = Debug|Any CPU
		{B58AD1BD-209C-4D55-95B9-6F6DD85C9A06}.Release|Any CPU.ActiveCfg = Release|Any CPU
		{B58AD1BD-209C-4D55-95B9-6F6DD85C9A06}.Release|Any CPU.Build.0 = Release|Any CPU
	EndGlobalSection
	GlobalSection(SolutionProperties) = preSolution
		HideSolutionNode = FALSE
	EndGlobalSection
EndGlobal
